PODS:
  - device_calendar (0.0.1):
    - Flutter
  - Flutter (1.0.0)
  - flutter_contacts (0.0.1):
    - Flutter
  - permission_handler_apple (9.3.0):
    - Flutter
  - receive_sharing_intent (1.8.1):
    - Flutter
  - system_info_plus (0.0.1):
    - Flutter
  - veilid (0.0.1):
    - Flutter

DEPENDENCIES:
  - device_calendar (from `.symlinks/plugins/device_calendar/ios`)
  - Flutter (from `Flutter`)
  - flutter_contacts (from `.symlinks/plugins/flutter_contacts/ios`)
  - permission_handler_apple (from `.symlinks/plugins/permission_handler_apple/ios`)
  - receive_sharing_intent (from `.symlinks/plugins/receive_sharing_intent/ios`)
  - system_info_plus (from `.symlinks/plugins/system_info_plus/ios`)
  - veilid (from `.symlinks/plugins/veilid/ios`)

EXTERNAL SOURCES:
  device_calendar:
    :path: ".symlinks/plugins/device_calendar/ios"
  Flutter:
    :path: Flutter
  flutter_contacts:
    :path: ".symlinks/plugins/flutter_contacts/ios"
  permission_handler_apple:
    :path: ".symlinks/plugins/permission_handler_apple/ios"
  receive_sharing_intent:
    :path: ".symlinks/plugins/receive_sharing_intent/ios"
  system_info_plus:
    :path: ".symlinks/plugins/system_info_plus/ios"
  veilid:
    :path: ".symlinks/plugins/veilid/ios"

SPEC CHECKSUMS:
  device_calendar: 9cb33f88a02e19652ec7b8b122ca778f751b1f7b
  Flutter: cabc95a1d2626b1b06e7179b784ebcf0c0cde467
  flutter_contacts: edb1c5ce76aa433e20e6cb14c615f4c0b66e0983
  permission_handler_apple: 9878588469a2b0d0fc1e048d9f43605f92e6cec2
  receive_sharing_intent: 79c848f5b045674ad60b9fea3bafea59962ad2c1
  system_info_plus: 5393c8da281d899950d751713575fbf91c7709aa
  veilid: 780f35f0d9b15f94b2d126599edb80c8a0ca5320

PODFILE CHECKSUM: e214fbb3b95d761a29cde93ee64b8748703138b0

COCOAPODS: 1.16.2
